
Microsoft Visual Studio Solution File, Format Version 12.00
# Visual Studio Version 17
VisualStudioVersion = 17.11.35222.181
MinimumVisualStudioVersion = 10.0.40219.1
Project("{FAE04EC0-301F-11D3-BF4B-00C04F79EFBC}") = "KZ2.3", "KZ2.3\KZ2.3.csproj", "{0AE12446-C197-4046-9026-7B6762660869}"
EndProject
Global
	GlobalSection(SolutionConfigurationPlatforms) = preSolution
		Debug|Any CPU = Debug|Any CPU
		Release|Any CPU = Release|Any CPU
	EndGlobalSection
	GlobalSection(ProjectConfigurationPlatforms) = postSolution
		{0AE12446-C197-4046-9026-7B6762660869}.Debug|Any CPU.ActiveCfg = Debug|Any CPU
		{0AE12446-C197-4046-9026-7B6762660869}.Debug|Any CPU.Build.0 = Debug|Any CPU
		{0AE12446-C197-4046-9026-7B6762660869}.Release|Any CPU.ActiveCfg = Release|Any CPU
		{0AE12446-C197-4046-9026-7B6762660869}.Release|Any CPU.Build.0 = Release|Any CPU
	EndGlobalSection
	GlobalSection(SolutionProperties) = preSolution
		HideSolutionNode = FALSE
	EndGlobalSection
	GlobalSection(ExtensibilityGlobals) = postSolution
		SolutionGuid = {3420AC62-8B4C-46BE-8326-AEC6647A925D}
	EndGlobalSection
EndGlobal
