
Microsoft Visual Studio Solution File, Format Version 12.00
# Visual Studio Version 17
VisualStudioVersion = 17.11.35222.181
MinimumVisualStudioVersion = 10.0.40219.1
Project("{FAE04EC0-301F-11D3-BF4B-00C04F79EFBC}") = "2048", "2048\2048.csproj", "{3BDD3182-9955-48A5-873F-4989B85A327D}"
EndProject
Global
	GlobalSection(SolutionConfigurationPlatforms) = preSolution
		Debug|Any CPU = Debug|Any CPU
		Release|Any CPU = Release|Any CPU
	EndGlobalSection
	GlobalSection(ProjectConfigurationPlatforms) = postSolution
		{3BDD3182-9955-48A5-873F-4989B85A327D}.Debug|Any CPU.ActiveCfg = Debug|Any CPU
		{3BDD3182-9955-48A5-873F-4989B85A327D}.Debug|Any CPU.Build.0 = Debug|Any CPU
		{3BDD3182-9955-48A5-873F-4989B85A327D}.Release|Any CPU.ActiveCfg = Release|Any CPU
		{3BDD3182-9955-48A5-873F-4989B85A327D}.Release|Any CPU.Build.0 = Release|Any CPU
	EndGlobalSection
	GlobalSection(SolutionProperties) = preSolution
		HideSolutionNode = FALSE
	EndGlobalSection
	GlobalSection(ExtensibilityGlobals) = postSolution
		SolutionGuid = {75CAADC3-F6D7-4916-8D5E-6998AA7662F2}
	EndGlobalSection
EndGlobal
