
Microsoft Visual Studio Solution File, Format Version 12.00
# Visual Studio Version 17
VisualStudioVersion = 17.11.35222.181
MinimumVisualStudioVersion = 10.0.40219.1
Project("{FAE04EC0-301F-11D3-BF4B-00C04F79EFBC}") = "Labirint", "Labirint\Labirint.csproj", "{09A4C698-B54F-4781-95EE-A602EFBE5EFE}"
EndProject
Global
	GlobalSection(SolutionConfigurationPlatforms) = preSolution
		Debug|Any CPU = Debug|Any CPU
		Release|Any CPU = Release|Any CPU
	EndGlobalSection
	GlobalSection(ProjectConfigurationPlatforms) = postSolution
		{09A4C698-B54F-4781-95EE-A602EFBE5EFE}.Debug|Any CPU.ActiveCfg = Debug|Any CPU
		{09A4C698-B54F-4781-95EE-A602EFBE5EFE}.Debug|Any CPU.Build.0 = Debug|Any CPU
		{09A4C698-B54F-4781-95EE-A602EFBE5EFE}.Release|Any CPU.ActiveCfg = Release|Any CPU
		{09A4C698-B54F-4781-95EE-A602EFBE5EFE}.Release|Any CPU.Build.0 = Release|Any CPU
	EndGlobalSection
	GlobalSection(SolutionProperties) = preSolution
		HideSolutionNode = FALSE
	EndGlobalSection
	GlobalSection(ExtensibilityGlobals) = postSolution
		SolutionGuid = {29A43256-6F87-4B41-9049-CBD6B5686E1C}
	EndGlobalSection
EndGlobal
