
Microsoft Visual Studio Solution File, Format Version 12.00
# Visual Studio Version 17
VisualStudioVersion = 17.11.35222.181
MinimumVisualStudioVersion = 10.0.40219.1
Project("{FAE04EC0-301F-11D3-BF4B-00C04F79EFBC}") = "KZ11.1", "KZ11.1\KZ11.1.csproj", "{B537DCAD-A795-4169-B30A-6EA6D89ECEAC}"
EndProject
Global
	GlobalSection(SolutionConfigurationPlatforms) = preSolution
		Debug|Any CPU = Debug|Any CPU
		Release|Any CPU = Release|Any CPU
	EndGlobalSection
	GlobalSection(ProjectConfigurationPlatforms) = postSolution
		{B537DCAD-A795-4169-B30A-6EA6D89ECEAC}.Debug|Any CPU.ActiveCfg = Debug|Any CPU
		{B537DCAD-A795-4169-B30A-6EA6D89ECEAC}.Debug|Any CPU.Build.0 = Debug|Any CPU
		{B537DCAD-A795-4169-B30A-6EA6D89ECEAC}.Release|Any CPU.ActiveCfg = Release|Any CPU
		{B537DCAD-A795-4169-B30A-6EA6D89ECEAC}.Release|Any CPU.Build.0 = Release|Any CPU
	EndGlobalSection
	GlobalSection(SolutionProperties) = preSolution
		HideSolutionNode = FALSE
	EndGlobalSection
	GlobalSection(ExtensibilityGlobals) = postSolution
		SolutionGuid = {0A08D560-FC3C-42FD-87C9-A68FD87C682E}
	EndGlobalSection
EndGlobal
